// !$*UTF8*$!
{
	archiveVersion = 1;
	classes = {
	};
	objectVersion = 46;
	objects = {

/* Begin PBXBuildFile section */
		E71089011D4FA4FB006DB612 /* AppData.swift in Sources */ = {isa = PBXBuildFile; fileRef = E71089001D4FA4FB006DB612 /* AppData.swift */; };
		E71089031D4FA853006DB612 /* User.swift in Sources */ = {isa = PBXBuildFile; fileRef = E71089021D4FA853006DB612 /* User.swift */; };
		E71089051D4FD10B006DB612 /* ProfileReader.swift in Sources */ = {isa = PBXBuildFile; fileRef = E71089041D4FD10B006DB612 /* ProfileReader.swift */; };
		E71089081D4FD1F2006DB612 /* Vashen.xcdatamodeld in Sources */ = {isa = PBXBuildFile; fileRef = E71089061D4FD1F1006DB612 /* Vashen.xcdatamodeld */; };
		E71089111D4FECA6006DB612 /* Car.swift in Sources */ = {isa = PBXBuildFile; fileRef = E71089101D4FECA6006DB612 /* Car.swift */; };
		E71089131D4FECB1006DB612 /* Service.swift in Sources */ = {isa = PBXBuildFile; fileRef = E71089121D4FECB1006DB612 /* Service.swift */; };
		E71089151D4FECBC006DB612 /* UserCard.swift in Sources */ = {isa = PBXBuildFile; fileRef = E71089141D4FECBC006DB612 /* UserCard.swift */; };
		E71410221D6FA60C00C97798 /* HeaderCell.swift in Sources */ = {isa = PBXBuildFile; fileRef = E71410211D6FA60C00C97798 /* HeaderCell.swift */; };
		E714A5FE1D677415008DE774 /* EditPaymentController.swift in Sources */ = {isa = PBXBuildFile; fileRef = E714A5FD1D677414008DE774 /* EditPaymentController.swift */; };
		E7153DF81D92D06000F169B9 /* Assets.xcassets in Resources */ = {isa = PBXBuildFile; fileRef = E7153DF71D92D06000F169B9 /* Assets.xcassets */; };
		E7153DFC1D92D77700F169B9 /* LegalInformationController.swift in Sources */ = {isa = PBXBuildFile; fileRef = E7153DFB1D92D77700F169B9 /* LegalInformationController.swift */; };
		E72C5E711DA45BD60069AE94 /* MapKit.framework in Frameworks */ = {isa = PBXBuildFile; fileRef = E72C5E701DA45BD60069AE94 /* MapKit.framework */; };
		E72E6EC51E05B22D005A8F77 /* GoogleService-Info.plist in Resources */ = {isa = PBXBuildFile; fileRef = E72E6EC41E05B22D005A8F77 /* GoogleService-Info.plist */; };
		E7550BA51D5262D600FBD719 /* HttpServerConnection.swift in Sources */ = {isa = PBXBuildFile; fileRef = E7550BA41D5262D600FBD719 /* HttpServerConnection.swift */; };
		E7550BA71D526FB500FBD719 /* LoadingController.swift in Sources */ = {isa = PBXBuildFile; fileRef = E7550BA61D526FB500FBD719 /* LoadingController.swift */; };
		E7550BA91D5A4AE700FBD719 /* DataBase.swift in Sources */ = {isa = PBXBuildFile; fileRef = E7550BA81D5A4AE700FBD719 /* DataBase.swift */; };
		E7550BB11D5BAB3200FBD719 /* HistoryRowTableViewCell.swift in Sources */ = {isa = PBXBuildFile; fileRef = E7550BB01D5BAB3200FBD719 /* HistoryRowTableViewCell.swift */; };
		E7550BB31D6360B400FBD719 /* CarCell.swift in Sources */ = {isa = PBXBuildFile; fileRef = E7550BB21D6360B400FBD719 /* CarCell.swift */; };
		E7615F221D64C823001607D3 /* Cleaner.swift in Sources */ = {isa = PBXBuildFile; fileRef = E7615F211D64C823001607D3 /* Cleaner.swift */; };
		E78993881EEF03E800779412 /* Reportes.swift in Sources */ = {isa = PBXBuildFile; fileRef = E78993871EEF03E800779412 /* Reportes.swift */; };
		E7D7D4F21DB8593100103925 /* Splash.mov in Resources */ = {isa = PBXBuildFile; fileRef = E7D7D4F11DB8593100103925 /* Splash.mov */; };
		E7F528101D99FF6400BA2B16 /* Card.m in Sources */ = {isa = PBXBuildFile; fileRef = E7F528091D99FF6400BA2B16 /* Card.m */; };
		E7F528111D99FF6400BA2B16 /* Conekta.m in Sources */ = {isa = PBXBuildFile; fileRef = E7F5280B1D99FF6400BA2B16 /* Conekta.m */; };
		E7F528121D99FF6400BA2B16 /* Connection.m in Sources */ = {isa = PBXBuildFile; fileRef = E7F5280D1D99FF6400BA2B16 /* Connection.m */; };
		E7F528131D99FF6400BA2B16 /* Token.m in Sources */ = {isa = PBXBuildFile; fileRef = E7F5280F1D99FF6400BA2B16 /* Token.m */; };
		E7F951051D66650400BA9DE2 /* SummaryController.swift in Sources */ = {isa = PBXBuildFile; fileRef = E7F951041D66650400BA9DE2 /* SummaryController.swift */; };
		E7FC6CBB1D647CD800A54B2B /* EditCarController.swift in Sources */ = {isa = PBXBuildFile; fileRef = E7FC6CBA1D647CD800A54B2B /* EditCarController.swift */; };
		E7FD0EFA1D754786001C2A06 /* InformationController.swift in Sources */ = {isa = PBXBuildFile; fileRef = E7FD0EF91D754786001C2A06 /* InformationController.swift */; };
		E7FE89ED1D4E69DC0071CDFA /* AppDelegate.swift in Sources */ = {isa = PBXBuildFile; fileRef = E7FE89EC1D4E69DC0071CDFA /* AppDelegate.swift */; };
		E7FE89F21D4E69DC0071CDFA /* Map.storyboard in Resources */ = {isa = PBXBuildFile; fileRef = E7FE89F01D4E69DC0071CDFA /* Map.storyboard */; };
		E7FE89FA1D4E69DC0071CDFA /* LaunchScreen.storyboard in Resources */ = {isa = PBXBuildFile; fileRef = E7FE89F81D4E69DC0071CDFA /* LaunchScreen.storyboard */; };
		E7FE8A041D4E6AAB0071CDFA /* SWRevealViewController.m in Sources */ = {isa = PBXBuildFile; fileRef = E7FE8A031D4E6AAB0071CDFA /* SWRevealViewController.m */; };
		E7FE8A061D4E6D650071CDFA /* MenuVC.swift in Sources */ = {isa = PBXBuildFile; fileRef = E7FE8A051D4E6D650071CDFA /* MenuVC.swift */; };
		E7FE8A0E1D4EBB3D0071CDFA /* MenuCell.swift in Sources */ = {isa = PBXBuildFile; fileRef = E7FE8A0D1D4EBB3D0071CDFA /* MenuCell.swift */; };
		E7FE8A101D4EC1380071CDFA /* PaymentController.swift in Sources */ = {isa = PBXBuildFile; fileRef = E7FE8A0F1D4EC1380071CDFA /* PaymentController.swift */; };
		E7FE8A121D4EC1880071CDFA /* BillingController.swift in Sources */ = {isa = PBXBuildFile; fileRef = E7FE8A111D4EC1880071CDFA /* BillingController.swift */; };
		E7FE8A141D4EC19A0071CDFA /* HistoryController.swift in Sources */ = {isa = PBXBuildFile; fileRef = E7FE8A131D4EC19A0071CDFA /* HistoryController.swift */; };
		E7FE8A161D4EC1A80071CDFA /* CarsController.swift in Sources */ = {isa = PBXBuildFile; fileRef = E7FE8A151D4EC1A80071CDFA /* CarsController.swift */; };
		E7FE8A181D4EC1B40071CDFA /* HelpController.swift in Sources */ = {isa = PBXBuildFile; fileRef = E7FE8A171D4EC1B40071CDFA /* HelpController.swift */; };
		E7FE8A1A1D4EC1C90071CDFA /* ConfigurationController.swift in Sources */ = {isa = PBXBuildFile; fileRef = E7FE8A191D4EC1C90071CDFA /* ConfigurationController.swift */; };
		E7FE8A1C1D4EC1D30071CDFA /* AboutController.swift in Sources */ = {isa = PBXBuildFile; fileRef = E7FE8A1B1D4EC1D30071CDFA /* AboutController.swift */; };
		E7FE8A1E1D4EC30C0071CDFA /* Menu.storyboard in Resources */ = {isa = PBXBuildFile; fileRef = E7FE8A1D1D4EC30C0071CDFA /* Menu.storyboard */; };
		E7FE8A201D4EC70A0071CDFA /* Main.storyboard in Resources */ = {isa = PBXBuildFile; fileRef = E7FE8A1F1D4EC70A0071CDFA /* Main.storyboard */; };
		E7FE8A241D4F01A90071CDFA /* InitController.swift in Sources */ = {isa = PBXBuildFile; fileRef = E7FE8A231D4F01A90071CDFA /* InitController.swift */; };
		E7FE8A261D4F04DD0071CDFA /* MapController.swift in Sources */ = {isa = PBXBuildFile; fileRef = E7FE8A251D4F04DD0071CDFA /* MapController.swift */; };
		E7FE8A281D4F060B0071CDFA /* MainController.swift in Sources */ = {isa = PBXBuildFile; fileRef = E7FE8A271D4F060B0071CDFA /* MainController.swift */; };
		E7FE8A2A1D4F067E0071CDFA /* LoginController.swift in Sources */ = {isa = PBXBuildFile; fileRef = E7FE8A291D4F067E0071CDFA /* LoginController.swift */; };
		E7FE8A2C1D4F07310071CDFA /* ForgotPasswordController.swift in Sources */ = {isa = PBXBuildFile; fileRef = E7FE8A2B1D4F07310071CDFA /* ForgotPasswordController.swift */; };
		E7FE8A2E1D4F08400071CDFA /* CreateAccountController.swift in Sources */ = {isa = PBXBuildFile; fileRef = E7FE8A2D1D4F08400071CDFA /* CreateAccountController.swift */; };
		E7FE8A301D4F084C0071CDFA /* CreateAccountPersonalController.swift in Sources */ = {isa = PBXBuildFile; fileRef = E7FE8A2F1D4F084C0071CDFA /* CreateAccountPersonalController.swift */; };
		E7FE8A321D4F08590071CDFA /* CreateAccountPaymentController.swift in Sources */ = {isa = PBXBuildFile; fileRef = E7FE8A311D4F08590071CDFA /* CreateAccountPaymentController.swift */; };
		E7FE8A341D4F230E0071CDFA /* EditBillingController.swift in Sources */ = {isa = PBXBuildFile; fileRef = E7FE8A331D4F230E0071CDFA /* EditBillingController.swift */; };
		E7FE8A361D4F248E0071CDFA /* AddCarController.swift in Sources */ = {isa = PBXBuildFile; fileRef = E7FE8A351D4F248E0071CDFA /* AddCarController.swift */; };
		E7FE8A381D4F24C70071CDFA /* EditAccountController.swift in Sources */ = {isa = PBXBuildFile; fileRef = E7FE8A371D4F24C70071CDFA /* EditAccountController.swift */; };
/* End PBXBuildFile section */

/* Begin PBXFileReference section */
		49CDA3A5E02924588B609A00 /* Pods_Vashen.framework */ = {isa = PBXFileReference; explicitFileType = wrapper.framework; includeInIndex = 0; path = Pods_Vashen.framework; sourceTree = BUILT_PRODUCTS_DIR; };
		7F0C283001CC9CD711B32C25 /* Pods-Vashen.release.xcconfig */ = {isa = PBXFileReference; includeInIndex = 1; lastKnownFileType = text.xcconfig; name = "Pods-Vashen.release.xcconfig"; path = "Pods/Target Support Files/Pods-Vashen/Pods-Vashen.release.xcconfig"; sourceTree = "<group>"; };
		E71089001D4FA4FB006DB612 /* AppData.swift */ = {isa = PBXFileReference; fileEncoding = 4; lastKnownFileType = sourcecode.swift; path = AppData.swift; sourceTree = "<group>"; };
		E71089021D4FA853006DB612 /* User.swift */ = {isa = PBXFileReference; fileEncoding = 4; lastKnownFileType = sourcecode.swift; path = User.swift; sourceTree = "<group>"; };
		E71089041D4FD10B006DB612 /* ProfileReader.swift */ = {isa = PBXFileReference; fileEncoding = 4; lastKnownFileType = sourcecode.swift; path = ProfileReader.swift; sourceTree = "<group>"; };
		E71089071D4FD1F2006DB612 /* Vashen.xcdatamodel */ = {isa = PBXFileReference; lastKnownFileType = wrapper.xcdatamodel; path = Vashen.xcdatamodel; sourceTree = "<group>"; };
		E71089101D4FECA6006DB612 /* Car.swift */ = {isa = PBXFileReference; fileEncoding = 4; lastKnownFileType = sourcecode.swift; path = Car.swift; sourceTree = "<group>"; };
		E71089121D4FECB1006DB612 /* Service.swift */ = {isa = PBXFileReference; fileEncoding = 4; lastKnownFileType = sourcecode.swift; path = Service.swift; sourceTree = "<group>"; };
		E71089141D4FECBC006DB612 /* UserCard.swift */ = {isa = PBXFileReference; fileEncoding = 4; lastKnownFileType = sourcecode.swift; path = UserCard.swift; sourceTree = "<group>"; };
		E71410211D6FA60C00C97798 /* HeaderCell.swift */ = {isa = PBXFileReference; fileEncoding = 4; lastKnownFileType = sourcecode.swift; path = HeaderCell.swift; sourceTree = "<group>"; };
		E714A5FD1D677414008DE774 /* EditPaymentController.swift */ = {isa = PBXFileReference; fileEncoding = 4; lastKnownFileType = sourcecode.swift; path = EditPaymentController.swift; sourceTree = "<group>"; };
		E7153DF61D920AA600F169B9 /* Vashen.entitlements */ = {isa = PBXFileReference; lastKnownFileType = text.plist.entitlements; path = Vashen.entitlements; sourceTree = "<group>"; };
		E7153DF71D92D06000F169B9 /* Assets.xcassets */ = {isa = PBXFileReference; lastKnownFileType = folder.assetcatalog; path = Assets.xcassets; sourceTree = "<group>"; };
		E7153DFB1D92D77700F169B9 /* LegalInformationController.swift */ = {isa = PBXFileReference; fileEncoding = 4; lastKnownFileType = sourcecode.swift; path = LegalInformationController.swift; sourceTree = "<group>"; };
		E72C5E701DA45BD60069AE94 /* MapKit.framework */ = {isa = PBXFileReference; lastKnownFileType = wrapper.framework; name = MapKit.framework; path = System/Library/Frameworks/MapKit.framework; sourceTree = SDKROOT; };
		E72E6EC41E05B22D005A8F77 /* GoogleService-Info.plist */ = {isa = PBXFileReference; fileEncoding = 4; lastKnownFileType = text.plist.xml; path = "GoogleService-Info.plist"; sourceTree = "<group>"; };
		E7550BA41D5262D600FBD719 /* HttpServerConnection.swift */ = {isa = PBXFileReference; fileEncoding = 4; lastKnownFileType = sourcecode.swift; path = HttpServerConnection.swift; sourceTree = "<group>"; };
		E7550BA61D526FB500FBD719 /* LoadingController.swift */ = {isa = PBXFileReference; fileEncoding = 4; lastKnownFileType = sourcecode.swift; path = LoadingController.swift; sourceTree = "<group>"; };
		E7550BA81D5A4AE700FBD719 /* DataBase.swift */ = {isa = PBXFileReference; fileEncoding = 4; lastKnownFileType = sourcecode.swift; path = DataBase.swift; sourceTree = "<group>"; };
		E7550BB01D5BAB3200FBD719 /* HistoryRowTableViewCell.swift */ = {isa = PBXFileReference; fileEncoding = 4; lastKnownFileType = sourcecode.swift; path = HistoryRowTableViewCell.swift; sourceTree = "<group>"; };
		E7550BB21D6360B400FBD719 /* CarCell.swift */ = {isa = PBXFileReference; fileEncoding = 4; lastKnownFileType = sourcecode.swift; path = CarCell.swift; sourceTree = "<group>"; };
		E7615F211D64C823001607D3 /* Cleaner.swift */ = {isa = PBXFileReference; fileEncoding = 4; lastKnownFileType = sourcecode.swift; path = Cleaner.swift; sourceTree = "<group>"; };
		E78993871EEF03E800779412 /* Reportes.swift */ = {isa = PBXFileReference; fileEncoding = 4; lastKnownFileType = sourcecode.swift; path = Reportes.swift; sourceTree = "<group>"; };
		E7D7D4F11DB8593100103925 /* Splash.mov */ = {isa = PBXFileReference; lastKnownFileType = video.quicktime; path = Splash.mov; sourceTree = "<group>"; };
		E7F528081D99FF6400BA2B16 /* Card.h */ = {isa = PBXFileReference; fileEncoding = 4; lastKnownFileType = sourcecode.c.h; path = Card.h; sourceTree = "<group>"; };
		E7F528091D99FF6400BA2B16 /* Card.m */ = {isa = PBXFileReference; fileEncoding = 4; lastKnownFileType = sourcecode.c.objc; path = Card.m; sourceTree = "<group>"; };
		E7F5280A1D99FF6400BA2B16 /* Conekta.h */ = {isa = PBXFileReference; fileEncoding = 4; lastKnownFileType = sourcecode.c.h; path = Conekta.h; sourceTree = "<group>"; };
		E7F5280B1D99FF6400BA2B16 /* Conekta.m */ = {isa = PBXFileReference; fileEncoding = 4; lastKnownFileType = sourcecode.c.objc; path = Conekta.m; sourceTree = "<group>"; };
		E7F5280C1D99FF6400BA2B16 /* Connection.h */ = {isa = PBXFileReference; fileEncoding = 4; lastKnownFileType = sourcecode.c.h; path = Connection.h; sourceTree = "<group>"; };
		E7F5280D1D99FF6400BA2B16 /* Connection.m */ = {isa = PBXFileReference; fileEncoding = 4; lastKnownFileType = sourcecode.c.objc; path = Connection.m; sourceTree = "<group>"; };
		E7F5280E1D99FF6400BA2B16 /* Token.h */ = {isa = PBXFileReference; fileEncoding = 4; lastKnownFileType = sourcecode.c.h; path = Token.h; sourceTree = "<group>"; };
		E7F5280F1D99FF6400BA2B16 /* Token.m */ = {isa = PBXFileReference; fileEncoding = 4; lastKnownFileType = sourcecode.c.objc; path = Token.m; sourceTree = "<group>"; };
		E7F951041D66650400BA9DE2 /* SummaryController.swift */ = {isa = PBXFileReference; fileEncoding = 4; lastKnownFileType = sourcecode.swift; path = SummaryController.swift; sourceTree = "<group>"; };
		E7FC6CBA1D647CD800A54B2B /* EditCarController.swift */ = {isa = PBXFileReference; fileEncoding = 4; lastKnownFileType = sourcecode.swift; path = EditCarController.swift; sourceTree = "<group>"; };
		E7FD0EF91D754786001C2A06 /* InformationController.swift */ = {isa = PBXFileReference; fileEncoding = 4; lastKnownFileType = sourcecode.swift; path = InformationController.swift; sourceTree = "<group>"; };
		E7FE89E91D4E69DC0071CDFA /* Vashen.app */ = {isa = PBXFileReference; explicitFileType = wrapper.application; includeInIndex = 0; path = Vashen.app; sourceTree = BUILT_PRODUCTS_DIR; };
		E7FE89EC1D4E69DC0071CDFA /* AppDelegate.swift */ = {isa = PBXFileReference; lastKnownFileType = sourcecode.swift; path = AppDelegate.swift; sourceTree = "<group>"; };
		E7FE89F11D4E69DC0071CDFA /* Base */ = {isa = PBXFileReference; lastKnownFileType = file.storyboard; name = Base; path = Base.lproj/Map.storyboard; sourceTree = "<group>"; };
		E7FE89F91D4E69DC0071CDFA /* Base */ = {isa = PBXFileReference; lastKnownFileType = file.storyboard; name = Base; path = Base.lproj/LaunchScreen.storyboard; sourceTree = "<group>"; };
		E7FE89FB1D4E69DC0071CDFA /* Info.plist */ = {isa = PBXFileReference; lastKnownFileType = text.plist.xml; path = Info.plist; sourceTree = "<group>"; };
		E7FE8A011D4E6AAA0071CDFA /* Vashen-Bridging-Header.h */ = {isa = PBXFileReference; lastKnownFileType = sourcecode.c.h; path = "Vashen-Bridging-Header.h"; sourceTree = "<group>"; };
		E7FE8A021D4E6AAB0071CDFA /* SWRevealViewController.h */ = {isa = PBXFileReference; fileEncoding = 4; lastKnownFileType = sourcecode.c.h; path = SWRevealViewController.h; sourceTree = "<group>"; };
		E7FE8A031D4E6AAB0071CDFA /* SWRevealViewController.m */ = {isa = PBXFileReference; fileEncoding = 4; lastKnownFileType = sourcecode.c.objc; path = SWRevealViewController.m; sourceTree = "<group>"; };
		E7FE8A051D4E6D650071CDFA /* MenuVC.swift */ = {isa = PBXFileReference; fileEncoding = 4; lastKnownFileType = sourcecode.swift; path = MenuVC.swift; sourceTree = "<group>"; };
		E7FE8A0D1D4EBB3D0071CDFA /* MenuCell.swift */ = {isa = PBXFileReference; fileEncoding = 4; lastKnownFileType = sourcecode.swift; path = MenuCell.swift; sourceTree = "<group>"; };
		E7FE8A0F1D4EC1380071CDFA /* PaymentController.swift */ = {isa = PBXFileReference; fileEncoding = 4; lastKnownFileType = sourcecode.swift; path = PaymentController.swift; sourceTree = "<group>"; };
		E7FE8A111D4EC1880071CDFA /* BillingController.swift */ = {isa = PBXFileReference; fileEncoding = 4; lastKnownFileType = sourcecode.swift; path = BillingController.swift; sourceTree = "<group>"; };
		E7FE8A131D4EC19A0071CDFA /* HistoryController.swift */ = {isa = PBXFileReference; fileEncoding = 4; lastKnownFileType = sourcecode.swift; path = HistoryController.swift; sourceTree = "<group>"; };
		E7FE8A151D4EC1A80071CDFA /* CarsController.swift */ = {isa = PBXFileReference; fileEncoding = 4; lastKnownFileType = sourcecode.swift; path = CarsController.swift; sourceTree = "<group>"; };
		E7FE8A171D4EC1B40071CDFA /* HelpController.swift */ = {isa = PBXFileReference; fileEncoding = 4; lastKnownFileType = sourcecode.swift; path = HelpController.swift; sourceTree = "<group>"; };
		E7FE8A191D4EC1C90071CDFA /* ConfigurationController.swift */ = {isa = PBXFileReference; fileEncoding = 4; lastKnownFileType = sourcecode.swift; path = ConfigurationController.swift; sourceTree = "<group>"; };
		E7FE8A1B1D4EC1D30071CDFA /* AboutController.swift */ = {isa = PBXFileReference; fileEncoding = 4; lastKnownFileType = sourcecode.swift; path = AboutController.swift; sourceTree = "<group>"; };
		E7FE8A1D1D4EC30C0071CDFA /* Menu.storyboard */ = {isa = PBXFileReference; fileEncoding = 4; lastKnownFileType = file.storyboard; path = Menu.storyboard; sourceTree = "<group>"; };
		E7FE8A1F1D4EC70A0071CDFA /* Main.storyboard */ = {isa = PBXFileReference; fileEncoding = 4; lastKnownFileType = file.storyboard; path = Main.storyboard; sourceTree = "<group>"; };
		E7FE8A231D4F01A90071CDFA /* InitController.swift */ = {isa = PBXFileReference; fileEncoding = 4; lastKnownFileType = sourcecode.swift; path = InitController.swift; sourceTree = "<group>"; };
		E7FE8A251D4F04DD0071CDFA /* MapController.swift */ = {isa = PBXFileReference; fileEncoding = 4; lastKnownFileType = sourcecode.swift; path = MapController.swift; sourceTree = "<group>"; };
		E7FE8A271D4F060B0071CDFA /* MainController.swift */ = {isa = PBXFileReference; fileEncoding = 4; lastKnownFileType = sourcecode.swift; path = MainController.swift; sourceTree = "<group>"; };
		E7FE8A291D4F067E0071CDFA /* LoginController.swift */ = {isa = PBXFileReference; fileEncoding = 4; lastKnownFileType = sourcecode.swift; path = LoginController.swift; sourceTree = "<group>"; };
		E7FE8A2B1D4F07310071CDFA /* ForgotPasswordController.swift */ = {isa = PBXFileReference; fileEncoding = 4; lastKnownFileType = sourcecode.swift; path = ForgotPasswordController.swift; sourceTree = "<group>"; };
		E7FE8A2D1D4F08400071CDFA /* CreateAccountController.swift */ = {isa = PBXFileReference; fileEncoding = 4; lastKnownFileType = sourcecode.swift; path = CreateAccountController.swift; sourceTree = "<group>"; };
		E7FE8A2F1D4F084C0071CDFA /* CreateAccountPersonalController.swift */ = {isa = PBXFileReference; fileEncoding = 4; lastKnownFileType = sourcecode.swift; path = CreateAccountPersonalController.swift; sourceTree = "<group>"; };
		E7FE8A311D4F08590071CDFA /* CreateAccountPaymentController.swift */ = {isa = PBXFileReference; fileEncoding = 4; lastKnownFileType = sourcecode.swift; path = CreateAccountPaymentController.swift; sourceTree = "<group>"; };
		E7FE8A331D4F230E0071CDFA /* EditBillingController.swift */ = {isa = PBXFileReference; fileEncoding = 4; lastKnownFileType = sourcecode.swift; path = EditBillingController.swift; sourceTree = "<group>"; };
		E7FE8A351D4F248E0071CDFA /* AddCarController.swift */ = {isa = PBXFileReference; fileEncoding = 4; lastKnownFileType = sourcecode.swift; path = AddCarController.swift; sourceTree = "<group>"; };
		E7FE8A371D4F24C70071CDFA /* EditAccountController.swift */ = {isa = PBXFileReference; fileEncoding = 4; lastKnownFileType = sourcecode.swift; path = EditAccountController.swift; sourceTree = "<group>"; };
		F6D77F4E09426F55A2F9E163 /* Pods-Vashen.debug.xcconfig */ = {isa = PBXFileReference; includeInIndex = 1; lastKnownFileType = text.xcconfig; name = "Pods-Vashen.debug.xcconfig"; path = "Pods/Target Support Files/Pods-Vashen/Pods-Vashen.debug.xcconfig"; sourceTree = "<group>"; };
/* End PBXFileReference section */

/* Begin PBXFrameworksBuildPhase section */
		E7FE89E61D4E69DC0071CDFA /* Frameworks */ = {
			isa = PBXFrameworksBuildPhase;
			buildActionMask = 2147483647;
			files = (
				E72C5E711DA45BD60069AE94 /* MapKit.framework in Frameworks */,
			);
			runOnlyForDeploymentPostprocessing = 0;
		};
/* End PBXFrameworksBuildPhase section */

/* Begin PBXGroup section */
		C1AE6063369312EA90B452C3 /* Frameworks */ = {
			isa = PBXGroup;
			children = (
				E72C5E701DA45BD60069AE94 /* MapKit.framework */,
				49CDA3A5E02924588B609A00 /* Pods_Vashen.framework */,
			);
			name = Frameworks;
			sourceTree = "<group>";
		};
		DDBA9ACE9DB0F2EC1C45E4DF /* Pods */ = {
			isa = PBXGroup;
			children = (
				F6D77F4E09426F55A2F9E163 /* Pods-Vashen.debug.xcconfig */,
				7F0C283001CC9CD711B32C25 /* Pods-Vashen.release.xcconfig */,
			);
			name = Pods;
			sourceTree = "<group>";
		};
		E71088FF1D4FA4E0006DB612 /* Model */ = {
			isa = PBXGroup;
			children = (
				E71089061D4FD1F1006DB612 /* Vashen.xcdatamodeld */,
				E71089001D4FA4FB006DB612 /* AppData.swift */,
				E71089021D4FA853006DB612 /* User.swift */,
				E71089041D4FD10B006DB612 /* ProfileReader.swift */,
				E71089141D4FECBC006DB612 /* UserCard.swift */,
				E71089121D4FECB1006DB612 /* Service.swift */,
				E71089101D4FECA6006DB612 /* Car.swift */,
				E7550BA41D5262D600FBD719 /* HttpServerConnection.swift */,
				E7550BA81D5A4AE700FBD719 /* DataBase.swift */,
				E7615F211D64C823001607D3 /* Cleaner.swift */,
				E78993871EEF03E800779412 /* Reportes.swift */,
			);
			name = Model;
			sourceTree = "<group>";
		};
		E710890F1D4FE7EA006DB612 /* Support Files */ = {
			isa = PBXGroup;
			children = (
				E7153DF71D92D06000F169B9 /* Assets.xcassets */,
				E72E6EC41E05B22D005A8F77 /* GoogleService-Info.plist */,
				E7FE8A011D4E6AAA0071CDFA /* Vashen-Bridging-Header.h */,
				E7FE8A021D4E6AAB0071CDFA /* SWRevealViewController.h */,
				E7FE8A031D4E6AAB0071CDFA /* SWRevealViewController.m */,
				E7FE89EC1D4E69DC0071CDFA /* AppDelegate.swift */,
				E7D7D4F11DB8593100103925 /* Splash.mov */,
			);
			name = "Support Files";
			sourceTree = "<group>";
		};
		E7F528071D99FD0600BA2B16 /* Conekta */ = {
			isa = PBXGroup;
			children = (
				E7F528081D99FF6400BA2B16 /* Card.h */,
				E7F528091D99FF6400BA2B16 /* Card.m */,
				E7F5280A1D99FF6400BA2B16 /* Conekta.h */,
				E7F5280B1D99FF6400BA2B16 /* Conekta.m */,
				E7F5280C1D99FF6400BA2B16 /* Connection.h */,
				E7F5280D1D99FF6400BA2B16 /* Connection.m */,
				E7F5280E1D99FF6400BA2B16 /* Token.h */,
				E7F5280F1D99FF6400BA2B16 /* Token.m */,
			);
			name = Conekta;
			sourceTree = "<group>";
		};
		E7FE89E01D4E69DC0071CDFA = {
			isa = PBXGroup;
			children = (
				E7FE89EB1D4E69DC0071CDFA /* Vashen */,
				E7FE89EA1D4E69DC0071CDFA /* Products */,
				C1AE6063369312EA90B452C3 /* Frameworks */,
				DDBA9ACE9DB0F2EC1C45E4DF /* Pods */,
			);
			sourceTree = "<group>";
		};
		E7FE89EA1D4E69DC0071CDFA /* Products */ = {
			isa = PBXGroup;
			children = (
				E7FE89E91D4E69DC0071CDFA /* Vashen.app */,
			);
			name = Products;
			sourceTree = "<group>";
		};
		E7FE89EB1D4E69DC0071CDFA /* Vashen */ = {
			isa = PBXGroup;
			children = (
				E7F528071D99FD0600BA2B16 /* Conekta */,
				E7153DF61D920AA600F169B9 /* Vashen.entitlements */,
				E710890F1D4FE7EA006DB612 /* Support Files */,
				E71088FF1D4FA4E0006DB612 /* Model */,
				E7FE8A221D4ED6BA0071CDFA /* Views */,
				E7FE8A211D4ED6A80071CDFA /* Controllers */,
				E7FE89F81D4E69DC0071CDFA /* LaunchScreen.storyboard */,
				E7FE89FB1D4E69DC0071CDFA /* Info.plist */,
			);
			path = Vashen;
			sourceTree = "<group>";
		};
		E7FE8A211D4ED6A80071CDFA /* Controllers */ = {
			isa = PBXGroup;
			children = (
				E7FE8A1B1D4EC1D30071CDFA /* AboutController.swift */,
				E7FE8A351D4F248E0071CDFA /* AddCarController.swift */,
				E7FE8A111D4EC1880071CDFA /* BillingController.swift */,
				E7550BB21D6360B400FBD719 /* CarCell.swift */,
				E7FE8A151D4EC1A80071CDFA /* CarsController.swift */,
				E7FE8A191D4EC1C90071CDFA /* ConfigurationController.swift */,
				E7FE8A2D1D4F08400071CDFA /* CreateAccountController.swift */,
				E7FE8A311D4F08590071CDFA /* CreateAccountPaymentController.swift */,
				E7FE8A2F1D4F084C0071CDFA /* CreateAccountPersonalController.swift */,
				E7FE8A371D4F24C70071CDFA /* EditAccountController.swift */,
				E7FE8A331D4F230E0071CDFA /* EditBillingController.swift */,
				E7FC6CBA1D647CD800A54B2B /* EditCarController.swift */,
				E714A5FD1D677414008DE774 /* EditPaymentController.swift */,
				E7FE8A2B1D4F07310071CDFA /* ForgotPasswordController.swift */,
				E71410211D6FA60C00C97798 /* HeaderCell.swift */,
				E7FE8A171D4EC1B40071CDFA /* HelpController.swift */,
				E7FE8A131D4EC19A0071CDFA /* HistoryController.swift */,
				E7550BB01D5BAB3200FBD719 /* HistoryRowTableViewCell.swift */,
				E7FD0EF91D754786001C2A06 /* InformationController.swift */,
				E7FE8A231D4F01A90071CDFA /* InitController.swift */,
				E7153DFB1D92D77700F169B9 /* LegalInformationController.swift */,
				E7550BA61D526FB500FBD719 /* LoadingController.swift */,
				E7FE8A291D4F067E0071CDFA /* LoginController.swift */,
				E7FE8A271D4F060B0071CDFA /* MainController.swift */,
				E7FE8A251D4F04DD0071CDFA /* MapController.swift */,
				E7FE8A0D1D4EBB3D0071CDFA /* MenuCell.swift */,
				E7FE8A051D4E6D650071CDFA /* MenuVC.swift */,
				E7FE8A0F1D4EC1380071CDFA /* PaymentController.swift */,
				E7F951041D66650400BA9DE2 /* SummaryController.swift */,
			);
			name = Controllers;
			sourceTree = "<group>";
		};
		E7FE8A221D4ED6BA0071CDFA /* Views */ = {
			isa = PBXGroup;
			children = (
				E7FE8A1D1D4EC30C0071CDFA /* Menu.storyboard */,
				E7FE8A1F1D4EC70A0071CDFA /* Main.storyboard */,
				E7FE89F01D4E69DC0071CDFA /* Map.storyboard */,
			);
			name = Views;
			sourceTree = "<group>";
		};
/* End PBXGroup section */

/* Begin PBXNativeTarget section */
		E7FE89E81D4E69DC0071CDFA /* Vashen */ = {
			isa = PBXNativeTarget;
			buildConfigurationList = E7FE89FE1D4E69DC0071CDFA /* Build configuration list for PBXNativeTarget "Vashen" */;
			buildPhases = (
				525D95419F90D05BF3BF18E1 /* [CP] Check Pods Manifest.lock */,
				E7FE89E51D4E69DC0071CDFA /* Sources */,
				E7FE89E61D4E69DC0071CDFA /* Frameworks */,
				E7FE89E71D4E69DC0071CDFA /* Resources */,
				F84DD3B487DBC68F356B04E6 /* [CP] Copy Pods Resources */,
			);
			buildRules = (
			);
			dependencies = (
			);
			name = Vashen;
			productName = Vashen;
			productReference = E7FE89E91D4E69DC0071CDFA /* Vashen.app */;
			productType = "com.apple.product-type.application";
		};
/* End PBXNativeTarget section */

/* Begin PBXProject section */
		E7FE89E11D4E69DC0071CDFA /* Project object */ = {
			isa = PBXProject;
			attributes = {
				LastSwiftUpdateCheck = 0730;
				LastUpgradeCheck = 0820;
				ORGANIZATIONNAME = Alan;
				TargetAttributes = {
					E7FE89E81D4E69DC0071CDFA = {
						CreatedOnToolsVersion = 7.3.1;
						DevelopmentTeam = T83HJT87GD;
						LastSwiftMigration = 0800;
						ProvisioningStyle = Automatic;
						SystemCapabilities = {
							com.apple.BackgroundModes = {
								enabled = 1;
							};
							com.apple.Maps.iOS = {
								enabled = 1;
							};
							com.apple.Push = {
								enabled = 1;
							};
						};
					};
				};
			};
			buildConfigurationList = E7FE89E41D4E69DC0071CDFA /* Build configuration list for PBXProject "Vashen" */;
			compatibilityVersion = "Xcode 3.2";
			developmentRegion = English;
			hasScannedForEncodings = 0;
			knownRegions = (
				en,
				Base,
			);
			mainGroup = E7FE89E01D4E69DC0071CDFA;
			productRefGroup = E7FE89EA1D4E69DC0071CDFA /* Products */;
			projectDirPath = "";
			projectRoot = "";
			targets = (
				E7FE89E81D4E69DC0071CDFA /* Vashen */,
			);
		};
/* End PBXProject section */

/* Begin PBXResourcesBuildPhase section */
		E7FE89E71D4E69DC0071CDFA /* Resources */ = {
			isa = PBXResourcesBuildPhase;
			buildActionMask = 2147483647;
			files = (
				E7FE89FA1D4E69DC0071CDFA /* LaunchScreen.storyboard in Resources */,
				E7FE8A201D4EC70A0071CDFA /* Main.storyboard in Resources */,
				E7FE8A1E1D4EC30C0071CDFA /* Menu.storyboard in Resources */,
				E7FE89F21D4E69DC0071CDFA /* Map.storyboard in Resources */,
				E7153DF81D92D06000F169B9 /* Assets.xcassets in Resources */,
				E7D7D4F21DB8593100103925 /* Splash.mov in Resources */,
				E72E6EC51E05B22D005A8F77 /* GoogleService-Info.plist in Resources */,
			);
			runOnlyForDeploymentPostprocessing = 0;
		};
/* End PBXResourcesBuildPhase section */

/* Begin PBXShellScriptBuildPhase section */
		525D95419F90D05BF3BF18E1 /* [CP] Check Pods Manifest.lock */ = {
			isa = PBXShellScriptBuildPhase;
			buildActionMask = 2147483647;
			files = (
			);
			inputPaths = (
			);
			name = "[CP] Check Pods Manifest.lock";
			outputPaths = (
			);
			runOnlyForDeploymentPostprocessing = 0;
			shellPath = /bin/sh;
			shellScript = "diff \"${PODS_ROOT}/../Podfile.lock\" \"${PODS_ROOT}/Manifest.lock\" > /dev/null\nif [[ $? != 0 ]] ; then\n    cat << EOM\nerror: The sandbox is not in sync with the Podfile.lock. Run 'pod install' or update your CocoaPods installation.\nEOM\n    exit 1\nfi\n";
			showEnvVarsInLog = 0;
		};
		F84DD3B487DBC68F356B04E6 /* [CP] Copy Pods Resources */ = {
			isa = PBXShellScriptBuildPhase;
			buildActionMask = 2147483647;
			files = (
			);
			inputPaths = (
			);
			name = "[CP] Copy Pods Resources";
			outputPaths = (
			);
			runOnlyForDeploymentPostprocessing = 0;
			shellPath = /bin/sh;
			shellScript = "\"${SRCROOT}/Pods/Target Support Files/Pods-Vashen/Pods-Vashen-resources.sh\"\n";
			showEnvVarsInLog = 0;
		};
/* End PBXShellScriptBuildPhase section */

/* Begin PBXSourcesBuildPhase section */
		E7FE89E51D4E69DC0071CDFA /* Sources */ = {
			isa = PBXSourcesBuildPhase;
			buildActionMask = 2147483647;
			files = (
				E71410221D6FA60C00C97798 /* HeaderCell.swift in Sources */,
				E71089031D4FA853006DB612 /* User.swift in Sources */,
				E7FE8A1A1D4EC1C90071CDFA /* ConfigurationController.swift in Sources */,
				E78993881EEF03E800779412 /* Reportes.swift in Sources */,
				E7F528131D99FF6400BA2B16 /* Token.m in Sources */,
				E71089051D4FD10B006DB612 /* ProfileReader.swift in Sources */,
				E7F528101D99FF6400BA2B16 /* Card.m in Sources */,
				E7FE8A241D4F01A90071CDFA /* InitController.swift in Sources */,
				E71089011D4FA4FB006DB612 /* AppData.swift in Sources */,
				E7F951051D66650400BA9DE2 /* SummaryController.swift in Sources */,
				E7550BB11D5BAB3200FBD719 /* HistoryRowTableViewCell.swift in Sources */,
				E7FE8A0E1D4EBB3D0071CDFA /* MenuCell.swift in Sources */,
				E71089081D4FD1F2006DB612 /* Vashen.xcdatamodeld in Sources */,
				E7F528121D99FF6400BA2B16 /* Connection.m in Sources */,
				E7FE8A381D4F24C70071CDFA /* EditAccountController.swift in Sources */,
				E7FD0EFA1D754786001C2A06 /* InformationController.swift in Sources */,
				E7FE8A301D4F084C0071CDFA /* CreateAccountPersonalController.swift in Sources */,
				E7FE8A101D4EC1380071CDFA /* PaymentController.swift in Sources */,
				E7FE8A361D4F248E0071CDFA /* AddCarController.swift in Sources */,
				E71089131D4FECB1006DB612 /* Service.swift in Sources */,
				E7FE8A341D4F230E0071CDFA /* EditBillingController.swift in Sources */,
				E7FE8A141D4EC19A0071CDFA /* HistoryController.swift in Sources */,
				E7615F221D64C823001607D3 /* Cleaner.swift in Sources */,
				E7F528111D99FF6400BA2B16 /* Conekta.m in Sources */,
				E7FE89ED1D4E69DC0071CDFA /* AppDelegate.swift in Sources */,
				E7FE8A281D4F060B0071CDFA /* MainController.swift in Sources */,
				E7FE8A041D4E6AAB0071CDFA /* SWRevealViewController.m in Sources */,
				E7FE8A061D4E6D650071CDFA /* MenuVC.swift in Sources */,
				E7FE8A2A1D4F067E0071CDFA /* LoginController.swift in Sources */,
				E7550BA71D526FB500FBD719 /* LoadingController.swift in Sources */,
				E7FE8A181D4EC1B40071CDFA /* HelpController.swift in Sources */,
				E7153DFC1D92D77700F169B9 /* LegalInformationController.swift in Sources */,
				E7FE8A2C1D4F07310071CDFA /* ForgotPasswordController.swift in Sources */,
				E7FE8A161D4EC1A80071CDFA /* CarsController.swift in Sources */,
				E7550BA51D5262D600FBD719 /* HttpServerConnection.swift in Sources */,
				E7FE8A121D4EC1880071CDFA /* BillingController.swift in Sources */,
				E714A5FE1D677415008DE774 /* EditPaymentController.swift in Sources */,
				E7FE8A321D4F08590071CDFA /* CreateAccountPaymentController.swift in Sources */,
				E7FE8A2E1D4F08400071CDFA /* CreateAccountController.swift in Sources */,
				E7FC6CBB1D647CD800A54B2B /* EditCarController.swift in Sources */,
				E7550BB31D6360B400FBD719 /* CarCell.swift in Sources */,
				E7550BA91D5A4AE700FBD719 /* DataBase.swift in Sources */,
				E7FE8A261D4F04DD0071CDFA /* MapController.swift in Sources */,
				E71089111D4FECA6006DB612 /* Car.swift in Sources */,
				E71089151D4FECBC006DB612 /* UserCard.swift in Sources */,
				E7FE8A1C1D4EC1D30071CDFA /* AboutController.swift in Sources */,
			);
			runOnlyForDeploymentPostprocessing = 0;
		};
/* End PBXSourcesBuildPhase section */

/* Begin PBXVariantGroup section */
		E7FE89F01D4E69DC0071CDFA /* Map.storyboard */ = {
			isa = PBXVariantGroup;
			children = (
				E7FE89F11D4E69DC0071CDFA /* Base */,
			);
			name = Map.storyboard;
			sourceTree = "<group>";
		};
		E7FE89F81D4E69DC0071CDFA /* LaunchScreen.storyboard */ = {
			isa = PBXVariantGroup;
			children = (
				E7FE89F91D4E69DC0071CDFA /* Base */,
			);
			name = LaunchScreen.storyboard;
			sourceTree = "<group>";
		};
/* End PBXVariantGroup section */

/* Begin XCBuildConfiguration section */
		E7FE89FC1D4E69DC0071CDFA /* Debug */ = {
			isa = XCBuildConfiguration;
			buildSettings = {
				ALWAYS_SEARCH_USER_PATHS = NO;
				CLANG_ANALYZER_NONNULL = YES;
				CLANG_CXX_LANGUAGE_STANDARD = "gnu++0x";
				CLANG_CXX_LIBRARY = "libc++";
				CLANG_ENABLE_MODULES = YES;
				CLANG_ENABLE_OBJC_ARC = YES;
				CLANG_WARN_BOOL_CONVERSION = YES;
				CLANG_WARN_CONSTANT_CONVERSION = YES;
				CLANG_WARN_DIRECT_OBJC_ISA_USAGE = YES_ERROR;
				CLANG_WARN_EMPTY_BODY = YES;
				CLANG_WARN_ENUM_CONVERSION = YES;
				CLANG_WARN_INFINITE_RECURSION = YES;
				CLANG_WARN_INT_CONVERSION = YES;
				CLANG_WARN_OBJC_ROOT_CLASS = YES_ERROR;
				CLANG_WARN_SUSPICIOUS_MOVE = YES;
				CLANG_WARN_UNREACHABLE_CODE = YES;
				CLANG_WARN__DUPLICATE_METHOD_MATCH = YES;
				CODE_SIGN_IDENTITY = "iPhone Developer";
				"CODE_SIGN_IDENTITY[sdk=iphoneos*]" = "iPhone Developer";
				COPY_PHASE_STRIP = NO;
				DEBUG_INFORMATION_FORMAT = dwarf;
				ENABLE_STRICT_OBJC_MSGSEND = YES;
				ENABLE_TESTABILITY = YES;
				GCC_C_LANGUAGE_STANDARD = gnu99;
				GCC_DYNAMIC_NO_PIC = NO;
				GCC_NO_COMMON_BLOCKS = YES;
				GCC_OPTIMIZATION_LEVEL = 0;
				GCC_PREPROCESSOR_DEFINITIONS = (
					"DEBUG=1",
					"$(inherited)",
				);
				GCC_WARN_64_TO_32_BIT_CONVERSION = YES;
				GCC_WARN_ABOUT_RETURN_TYPE = YES_ERROR;
				GCC_WARN_UNDECLARED_SELECTOR = YES;
				GCC_WARN_UNINITIALIZED_AUTOS = YES_AGGRESSIVE;
				GCC_WARN_UNUSED_FUNCTION = YES;
				GCC_WARN_UNUSED_VARIABLE = YES;
				IPHONEOS_DEPLOYMENT_TARGET = 9.3;
				MTL_ENABLE_DEBUG_INFO = YES;
				ONLY_ACTIVE_ARCH = YES;
				SDKROOT = iphoneos;
				SWIFT_OPTIMIZATION_LEVEL = "-Onone";
				TARGETED_DEVICE_FAMILY = "1,2";
			};
			name = Debug;
		};
		E7FE89FD1D4E69DC0071CDFA /* Release */ = {
			isa = XCBuildConfiguration;
			buildSettings = {
				ALWAYS_SEARCH_USER_PATHS = NO;
				CLANG_ANALYZER_NONNULL = YES;
				CLANG_CXX_LANGUAGE_STANDARD = "gnu++0x";
				CLANG_CXX_LIBRARY = "libc++";
				CLANG_ENABLE_MODULES = YES;
				CLANG_ENABLE_OBJC_ARC = YES;
				CLANG_WARN_BOOL_CONVERSION = YES;
				CLANG_WARN_CONSTANT_CONVERSION = YES;
				CLANG_WARN_DIRECT_OBJC_ISA_USAGE = YES_ERROR;
				CLANG_WARN_EMPTY_BODY = YES;
				CLANG_WARN_ENUM_CONVERSION = YES;
				CLANG_WARN_INFINITE_RECURSION = YES;
				CLANG_WARN_INT_CONVERSION = YES;
				CLANG_WARN_OBJC_ROOT_CLASS = YES_ERROR;
				CLANG_WARN_SUSPICIOUS_MOVE = YES;
				CLANG_WARN_UNREACHABLE_CODE = YES;
				CLANG_WARN__DUPLICATE_METHOD_MATCH = YES;
				CODE_SIGN_IDENTITY = "iPhone Distribution";
				"CODE_SIGN_IDENTITY[sdk=iphoneos*]" = "iPhone Distribution";
				COPY_PHASE_STRIP = NO;
				DEBUG_INFORMATION_FORMAT = "dwarf-with-dsym";
				ENABLE_NS_ASSERTIONS = NO;
				ENABLE_STRICT_OBJC_MSGSEND = YES;
				GCC_C_LANGUAGE_STANDARD = gnu99;
				GCC_NO_COMMON_BLOCKS = YES;
				GCC_WARN_64_TO_32_BIT_CONVERSION = YES;
				GCC_WARN_ABOUT_RETURN_TYPE = YES_ERROR;
				GCC_WARN_UNDECLARED_SELECTOR = YES;
				GCC_WARN_UNINITIALIZED_AUTOS = YES_AGGRESSIVE;
				GCC_WARN_UNUSED_FUNCTION = YES;
				GCC_WARN_UNUSED_VARIABLE = YES;
				IPHONEOS_DEPLOYMENT_TARGET = 9.3;
				MTL_ENABLE_DEBUG_INFO = NO;
				ONLY_ACTIVE_ARCH = NO;
				SDKROOT = iphoneos;
				TARGETED_DEVICE_FAMILY = "1,2";
				VALIDATE_PRODUCT = YES;
			};
			name = Release;
		};
		E7FE89FF1D4E69DC0071CDFA /* Debug */ = {
			isa = XCBuildConfiguration;
			baseConfigurationReference = F6D77F4E09426F55A2F9E163 /* Pods-Vashen.debug.xcconfig */;
			buildSettings = {
				ASSETCATALOG_COMPILER_APPICON_NAME = AppIcon;
				CLANG_ENABLE_MODULES = YES;
				CODE_SIGN_ENTITLEMENTS = Vashen/Vashen.entitlements;
				CODE_SIGN_IDENTITY = "iPhone Developer";
				"CODE_SIGN_IDENTITY[sdk=iphoneos*]" = "iPhone Developer";
				DEVELOPMENT_TEAM = T83HJT87GD;
				FRAMEWORK_SEARCH_PATHS = (
					"$(inherited)",
					"\"${PODS_ROOT}/FirebaseAnalytics/Frameworks/frameworks\"",
					"\"${PODS_ROOT}/FirebaseInstanceID/Frameworks/frameworks\"",
					"\"${PODS_ROOT}/FirebaseMessaging/Frameworks/frameworks\"",
					"\"${PODS_ROOT}/GoogleIPhoneUtilities/Frameworks\"",
					"\"${PODS_ROOT}/GoogleInterchangeUtilities/Frameworks\"",
					"\"${PODS_ROOT}/GoogleSymbolUtilities/Frameworks\"",
					"\"${PODS_ROOT}/GoogleUtilities/Frameworks\"",
				);
				INFOPLIST_FILE = Vashen/Info.plist;
				IPHONEOS_DEPLOYMENT_TARGET = 9.3;
				LD_RUNPATH_SEARCH_PATHS = "$(inherited) @executable_path/Frameworks";
				LIBRARY_SEARCH_PATHS = "";
				ONLY_ACTIVE_ARCH = NO;
				PRODUCT_BUNDLE_IDENTIFIER = com.alan.ios.washer.washeruser;
				PRODUCT_NAME = "$(TARGET_NAME)";
				PROVISIONING_PROFILE = "";
				PROVISIONING_PROFILE_SPECIFIER = "";
				SWIFT_OBJC_BRIDGING_HEADER = "Vashen/Vashen-Bridging-Header.h";
				SWIFT_OPTIMIZATION_LEVEL = "-Onone";
				SWIFT_VERSION = 3.0;
			};
			name = Debug;
		};
		E7FE8A001D4E69DC0071CDFA /* Release */ = {
			isa = XCBuildConfiguration;
			baseConfigurationReference = 7F0C283001CC9CD711B32C25 /* Pods-Vashen.release.xcconfig */;
			buildSettings = {
				ASSETCATALOG_COMPILER_APPICON_NAME = AppIcon;
				CLANG_ENABLE_MODULES = YES;
				CODE_SIGN_ENTITLEMENTS = Vashen/Vashen.entitlements;
				CODE_SIGN_IDENTITY = "iPhone Distribution";
				"CODE_SIGN_IDENTITY[sdk=iphoneos*]" = "iPhone Developer";
				DEVELOPMENT_TEAM = T83HJT87GD;
				FRAMEWORK_SEARCH_PATHS = (
					"$(inherited)",
					"\"${PODS_ROOT}/FirebaseAnalytics/Frameworks/frameworks\"",
					"\"${PODS_ROOT}/FirebaseInstanceID/Frameworks/frameworks\"",
					"\"${PODS_ROOT}/FirebaseMessaging/Frameworks/frameworks\"",
					"\"${PODS_ROOT}/GoogleIPhoneUtilities/Frameworks\"",
					"\"${PODS_ROOT}/GoogleInterchangeUtilities/Frameworks\"",
					"\"${PODS_ROOT}/GoogleSymbolUtilities/Frameworks\"",
					"\"${PODS_ROOT}/GoogleUtilities/Frameworks\"",
				);
				GCC_OPTIMIZATION_LEVEL = 0;
				INFOPLIST_FILE = Vashen/Info.plist;
				IPHONEOS_DEPLOYMENT_TARGET = 9.3;
				LD_RUNPATH_SEARCH_PATHS = "$(inherited) @executable_path/Frameworks";
				LIBRARY_SEARCH_PATHS = "";
				ONLY_ACTIVE_ARCH = NO;
				PRODUCT_BUNDLE_IDENTIFIER = com.alan.ios.washer.washeruser;
				PRODUCT_NAME = "$(TARGET_NAME)";
				PROVISIONING_PROFILE = "";
				PROVISIONING_PROFILE_SPECIFIER = "";
				SWIFT_OBJC_BRIDGING_HEADER = "Vashen/Vashen-Bridging-Header.h";
				SWIFT_OPTIMIZATION_LEVEL = "-Owholemodule";
				SWIFT_VERSION = 3.0;
			};
			name = Release;
		};
/* End XCBuildConfiguration section */

/* Begin XCConfigurationList section */
		E7FE89E41D4E69DC0071CDFA /* Build configuration list for PBXProject "Vashen" */ = {
			isa = XCConfigurationList;
			buildConfigurations = (
				E7FE89FC1D4E69DC0071CDFA /* Debug */,
				E7FE89FD1D4E69DC0071CDFA /* Release */,
			);
			defaultConfigurationIsVisible = 0;
			defaultConfigurationName = Release;
		};
		E7FE89FE1D4E69DC0071CDFA /* Build configuration list for PBXNativeTarget "Vashen" */ = {
			isa = XCConfigurationList;
			buildConfigurations = (
				E7FE89FF1D4E69DC0071CDFA /* Debug */,
				E7FE8A001D4E69DC0071CDFA /* Release */,
			);
			defaultConfigurationIsVisible = 0;
			defaultConfigurationName = Release;
		};
/* End XCConfigurationList section */

/* Begin XCVersionGroup section */
		E71089061D4FD1F1006DB612 /* Vashen.xcdatamodeld */ = {
			isa = XCVersionGroup;
			children = (
				E71089071D4FD1F2006DB612 /* Vashen.xcdatamodel */,
			);
			currentVersion = E71089071D4FD1F2006DB612 /* Vashen.xcdatamodel */;
			path = Vashen.xcdatamodeld;
			sourceTree = "<group>";
			versionGroupType = wrapper.xcdatamodel;
		};
/* End XCVersionGroup section */
	};
	rootObject = E7FE89E11D4E69DC0071CDFA /* Project object */;
}
